{
  "name": "leo",
  "lockfileVersion": 3,
  "requires": true,
  "packages": {
    "": {
      "dependencies": {
        "@demox-labs/aleo-wallet-adapter-base": "^0.0.19",
        "@demox-labs/aleo-wallet-adapter-leo": "^0.0.18",
        "@demox-labs/aleo-wallet-adapter-react": "^0.0.18",
        "@demox-labs/aleo-wallet-adapter-reactui": "^0.0.30",
        "react": "^18.2.0"
      }
    },
    "node_modules/@demox-labs/aleo-wallet-adapter-base": {
      "version": "0.0.19",
      "resolved": "https://registry.npmjs.org/@demox-labs/aleo-wallet-adapter-base/-/aleo-wallet-adapter-base-0.0.19.tgz",
      "integrity": "sha512-D43kBh0WWYC9AfCM23ofMNRA5PBuQJ3D14JvO/GWrZP2HBdfquTJzy7M4cLaUQP92ge1N5cTdKF/DPVnqP5iWA==",
      "dependencies": {
        "eventemitter3": "^4.0.7"
      }
    },
    "node_modules/@demox-labs/aleo-wallet-adapter-leo": {
      "version": "0.0.18",
      "resolved": "https://registry.npmjs.org/@demox-labs/aleo-wallet-adapter-leo/-/aleo-wallet-adapter-leo-0.0.18.tgz",
      "integrity": "sha512-+x0oJhS32LOQseDm8+/16H3qnQ8kkQx7xlyCLAh/3TOL5Fo8n0oHf60NgYlQi6jxBIJdIwBWNFJ4T4nBl+oLiA==",
      "dependencies": {
        "@demox-labs/aleo-wallet-adapter-base": "^0.0.19",
        "nanoid": "^4.0.0"
      }
    },
    "node_modules/@demox-labs/aleo-wallet-adapter-react": {
      "version": "0.0.18",
      "resolved": "https://registry.npmjs.org/@demox-labs/aleo-wallet-adapter-react/-/aleo-wallet-adapter-react-0.0.18.tgz",
      "integrity": "sha512-bit3vR+K/jeO4RZebm6TnU4QeihfWZzDVo/vsfMJHUZfSDnzP0ZBVKQZcYBmtPvXWB9hFI9JPpxWPlp0pf0ZKw==",
      "dependencies": {
        "@demox-labs/aleo-wallet-adapter-base": "^0.0.19"
      },
      "peerDependencies": {
        "react": "^18.2.0"
      }
    },
    "node_modules/@demox-labs/aleo-wallet-adapter-reactui": {
      "version": "0.0.30",
      "resolved": "https://registry.npmjs.org/@demox-labs/aleo-wallet-adapter-reactui/-/aleo-wallet-adapter-reactui-0.0.30.tgz",
      "integrity": "sha512-2hR0pKopzd7A1cbFarKs1r9SUmc/vrc5vEzPxzV3E45Xa4/be/3A8HjL19rZslkq4QV2S2TEbpI+noXMgFmOZw==",
      "dependencies": {
        "@demox-labs/aleo-wallet-adapter-base": "^0.0.19",
        "@demox-labs/aleo-wallet-adapter-react": "^0.0.18"
      },
      "peerDependencies": {
        "react": "^18.2.0",
        "react-dom": "^18.2.0"
      }
    },
    "node_modules/eventemitter3": {
      "version": "4.0.7",
      "resolved": "https://registry.npmjs.org/eventemitter3/-/eventemitter3-4.0.7.tgz",
      "integrity": "sha512-8guHBZCwKnFhYdHr2ysuRWErTwhoN2X8XELRlrRwpmfeY2jjuUN4taQMsULKUVo1K4DvZl+0pgfyoysHxvmvEw=="
    },
    "node_modules/js-tokens": {
      "version": "4.0.0",
      "resolved": "https://registry.npmjs.org/js-tokens/-/js-tokens-4.0.0.tgz",
      "integrity": "sha512-RdJUflcE3cUzKiMqQgsCu06FPu9UdIJO0beYbPhHN4k6apgJtifcoCtT9bcxOpYBtpD2kCM6Sbzg4CausW/PKQ=="
    },
    "node_modules/loose-envify": {
      "version": "1.4.0",
      "resolved": "https://registry.npmjs.org/loose-envify/-/loose-envify-1.4.0.tgz",
      "integrity": "sha512-lyuxPGr/Wfhrlem2CL/UcnUc1zcqKAImBDzukY7Y5F/yQiNdko6+fRLevlw1HgMySw7f611UIY408EtxRSoK3Q==",
      "dependencies": {
        "js-tokens": "^3.0.0 || ^4.0.0"
      },
      "bin": {
        "loose-envify": "cli.js"
      }
    },
    "node_modules/nanoid": {
      "version": "4.0.2",
      "resolved": "https://registry.npmjs.org/nanoid/-/nanoid-4.0.2.tgz",
      "integrity": "sha512-7ZtY5KTCNheRGfEFxnedV5zFiORN1+Y1N6zvPTnHQd8ENUvfaDBeuJDZb2bN/oXwXxu3qkTXDzy57W5vAmDTBw==",
      "funding": [
        {
          "type": "github",
          "url": "https://github.com/sponsors/ai"
        }
      ],
      "bin": {
        "nanoid": "bin/nanoid.js"
      },
      "engines": {
        "node": "^14 || ^16 || >=18"
      }
    },
    "node_modules/react": {
      "version": "18.2.0",
      "resolved": "https://registry.npmjs.org/react/-/react-18.2.0.tgz",
      "integrity": "sha512-/3IjMdb2L9QbBdWiW5e3P2/npwMBaU9mHCSCUzNln0ZCYbcfTsGbTJrU/kGemdH2IWmB2ioZ+zkxtmq6g09fGQ==",
      "dependencies": {
        "loose-envify": "^1.1.0"
      },
      "engines": {
        "node": ">=0.10.0"
      }
    },
    "node_modules/react-dom": {
      "version": "18.2.0",
      "resolved": "https://registry.npmjs.org/react-dom/-/react-dom-18.2.0.tgz",
      "integrity": "sha512-6IMTriUmvsjHUjNtEDudZfuDQUoWXVxKHhlEGSk81n4YFS+r/Kl99wXiwlVXtPBtJenozv2P+hxDsw9eA7Xo6g==",
      "peer": true,
      "dependencies": {
        "loose-envify": "^1.1.0",
        "scheduler": "^0.23.0"
      },
      "peerDependencies": {
        "react": "^18.2.0"
      }
    },
    "node_modules/scheduler": {
      "version": "0.23.0",
      "resolved": "https://registry.npmjs.org/scheduler/-/scheduler-0.23.0.tgz",
      "integrity": "sha512-CtuThmgHNg7zIZWAXi3AsyIzA3n4xx7aNyjwC2VJldO2LMVDhFK+63xGqq6CsJH4rTAt6/M+N4GhZiDYPx9eUw==",
      "peer": true,
      "dependencies": {
        "loose-envify": "^1.1.0"
      }
    }
  }
}
